
Microsoft Visual Studio Solution File, Format Version 12.00
# Visual Studio 15
VisualStudioVersion = 15.0.27004.2005
MinimumVisualStudioVersion = 10.0.40219.1
Project("{FAE04EC0-301F-11D3-BF4B-00C04F79EFBC}") = "KurumsalAjanda", "KurumsalAjanda\KurumsalAjanda.csproj", "{8DF3F3AE-13CC-4B68-8408-581C151595F7}"
EndProject
Global
	GlobalSection(SolutionConfigurationPlatforms) = preSolution
		Debug|Any CPU = Debug|Any CPU
		Release|Any CPU = Release|Any CPU
	EndGlobalSection
	GlobalSection(ProjectConfigurationPlatforms) = postSolution
		{8DF3F3AE-13CC-4B68-8408-581C151595F7}.Debug|Any CPU.ActiveCfg = Debug|Any CPU
		{8DF3F3AE-13CC-4B68-8408-581C151595F7}.Debug|Any CPU.Build.0 = Debug|Any CPU
		{8DF3F3AE-13CC-4B68-8408-581C151595F7}.Release|Any CPU.ActiveCfg = Release|Any CPU
		{8DF3F3AE-13CC-4B68-8408-581C151595F7}.Release|Any CPU.Build.0 = Release|Any CPU
	EndGlobalSection
	GlobalSection(SolutionProperties) = preSolution
		HideSolutionNode = FALSE
	EndGlobalSection
	GlobalSection(ExtensibilityGlobals) = postSolution
		SolutionGuid = {5C1D6EE1-B41E-4BDC-AF97-907B9855B19F}
	EndGlobalSection
EndGlobal
